
Microsoft Visual Studio Solution File, Format Version 12.00
# Visual Studio Version 17
VisualStudioVersion = 17.3.32901.215
MinimumVisualStudioVersion = 10.0.40219.1
Project("{FAE04EC0-301F-11D3-BF4B-00C04F79EFBC}") = "Faturamento", "Faturamento\Faturamento.csproj", "{0B4B721B-9526-4107-98CE-4065E5FFAD74}"
EndProject
Global
	GlobalSection(SolutionConfigurationPlatforms) = preSolution
		Debug|Any CPU = Debug|Any CPU
		Release|Any CPU = Release|Any CPU
	EndGlobalSection
	GlobalSection(ProjectConfigurationPlatforms) = postSolution
		{0B4B721B-9526-4107-98CE-4065E5FFAD74}.Debug|Any CPU.ActiveCfg = Debug|Any CPU
		{0B4B721B-9526-4107-98CE-4065E5FFAD74}.Debug|Any CPU.Build.0 = Debug|Any CPU
		{0B4B721B-9526-4107-98CE-4065E5FFAD74}.Release|Any CPU.ActiveCfg = Release|Any CPU
		{0B4B721B-9526-4107-98CE-4065E5FFAD74}.Release|Any CPU.Build.0 = Release|Any CPU
	EndGlobalSection
	GlobalSection(SolutionProperties) = preSolution
		HideSolutionNode = FALSE
	EndGlobalSection
	GlobalSection(ExtensibilityGlobals) = postSolution
		SolutionGuid = {A51529C6-CC82-415A-B8CD-DB4403B8D5D2}
	EndGlobalSection
EndGlobal
